# SPDX-License-Identifier: AGPL-3.0-or-later
#
# deps-lock — regenerate requirements.lock and commit it to the current branch.
#
# The lockfile is what the image installs (Dockerfile: `pip install
# --require-hashes -r requirements.lock`), so every requirements.txt change
# needs a matching recompile. `ci.yml`'s `lockfile-drift` job fails when the
# two diverge and uploads the correct lockfile as an artifact; this workflow is
# the one-click alternative so the fix does not depend on someone downloading
# an artifact by hand.
#
# You can also just run it locally — `uv pip compile --python-version` resolves
# for the shipped interpreter without needing it installed:
#
#     uv pip compile --generate-hashes --python-version 3.14 --output-file requirements.lock requirements.txt
#
# Why that matters: before these gates existed, Dependabot pushed 32 commits to
# requirements.txt in six months while the lockfile received 4 (one of them only
# line endings). It ended up missing four packages outright and behind on five
# more — which is exactly what happens when keeping a lockfile current is
# manual work nobody is reminded of.
#
# Usage — from the Actions tab, or:
#
#     gh workflow run deps-lock.yml --ref <branch>
#
# GitHub only exposes `workflow_dispatch` for workflows that exist on the
# default branch, so this is available once merged to main; before that, use
# the artifact from `lockfile-drift`.
#
# Note: this commit is made by github-actions[bot] via GITHUB_TOKEN and is
# therefore *unsigned*, unlike the GPG-signed human commits in this repo. It
# also deliberately does not trigger further workflow runs (GitHub suppresses
# events for GITHUB_TOKEN pushes), so re-run CI on the branch afterwards to see
# the gates go green.

name: deps-lock

on:
  workflow_dispatch:

# Needs write access to push the regenerated lockfile back to the branch.
permissions:
  contents: write

concurrency:
  group: deps-lock-${{ github.ref }}
  cancel-in-progress: true

jobs:
  recompile:
    runs-on: ubuntu-latest

    steps:
      - uses: actions/checkout@3d3c42e5aac5ba805825da76410c181273ba90b1 # v7.0.1

      - name: Set up Python
        uses: actions/setup-python@5fda3b95a4ea91299a34e894583c3862153e4b97 # v7.0.0
        with:
          # Any interpreter would do — uv resolves for the target version via
          # --python-version without needing it installed. Kept at the shipped
          # version for consistency across workflows, which
          # scripts/check_python_version.py enforces.
          python-version: "3.14"
          cache: "pip"

      # Pinned exactly — see the same note in ci.yml's lockfile-drift job.
      - name: Install uv
        run: pip install "uv==0.12.9"

      # Must match ci.yml's command and the committed header verbatim.
      - name: Recompile the lockfile
        run: uv pip compile --generate-hashes --python-version 3.14 --output-file requirements.lock requirements.txt

      - name: Verify the lockfile installs
        # A lockfile that resolves but cannot install is worse than none, since
        # the failure would surface in the image build instead. Installing into
        # a throwaway venv with --require-hashes reproduces exactly what the
        # Dockerfile does.
        run: |
          python -m venv /tmp/lockcheck
          /tmp/lockcheck/bin/pip install --require-hashes -r requirements.lock

      - name: Commit if changed
        run: |
          if git diff --quiet -- requirements.lock; then
            echo "requirements.lock already in sync — nothing to commit."
            exit 0
          fi
          git config user.name "github-actions[bot]"
          git config user.email "41898282+github-actions[bot]@users.noreply.github.com"
          git add requirements.lock
          git commit -m "deps: recompile requirements.lock" \
                     -m "Regenerated by the deps-lock workflow from requirements.txt."
          git push origin "HEAD:${{ github.ref_name }}"
          echo "Pushed. Re-run CI on this branch — a GITHUB_TOKEN push raises no events."
